// !$*UTF8*$!
{
	archiveVersion = 1;
	classes = {
	};
	objectVersion = 45;
	objects = {

/* Begin PBXBuildFile section */
		1D60589B0D05DD56006BFB54 /* main.m in Sources */ = {isa = PBXBuildFile; fileRef = 29B97316FDCFA39411CA2CEA /* main.m */; };
		1D60589F0D05DD5A006BFB54 /* Foundation.framework in Frameworks */ = {isa = PBXBuildFile; fileRef = 1D30AB110D05D00D00671497 /* Foundation.framework */; };
		1DF5F4E00D08C38300B7A737 /* UIKit.framework in Frameworks */ = {isa = PBXBuildFile; fileRef = 1DF5F4DF0D08C38300B7A737 /* UIKit.framework */; };
		288765A50DF7441C002DB57D /* CoreGraphics.framework in Frameworks */ = {isa = PBXBuildFile; fileRef = 288765A40DF7441C002DB57D /* CoreGraphics.framework */; };
		4D08ADD611BD9F7800643BF5 /* README.txt in Resources */ = {isa = PBXBuildFile; fileRef = 4D08ADD511BD9F7800643BF5 /* README.txt */; };
		4D08ADF211BDA13000643BF5 /* OscillatingFixture.m in Sources */ = {isa = PBXBuildFile; fileRef = 4D08ADF111BDA13000643BF5 /* OscillatingFixture.m */; };
		4D08ADF711BDA23400643BF5 /* ParkingSpotPOI.m in Sources */ = {isa = PBXBuildFile; fileRef = 4D08ADF611BDA23400643BF5 /* ParkingSpotPOI.m */; };
		4D11877011C7F1F300B2C124 /* arrow.mtl in Resources */ = {isa = PBXBuildFile; fileRef = 4D11876511C7F1F300B2C124 /* arrow.mtl */; };
		4D11877111C7F1F300B2C124 /* arrow.obj in Resources */ = {isa = PBXBuildFile; fileRef = 4D11876611C7F1F300B2C124 /* arrow.obj */; };
		4D11877211C7F1F300B2C124 /* arrow2.mtl in Resources */ = {isa = PBXBuildFile; fileRef = 4D11876711C7F1F300B2C124 /* arrow2.mtl */; };
		4D11877311C7F1F300B2C124 /* arrow2.obj in Resources */ = {isa = PBXBuildFile; fileRef = 4D11876811C7F1F300B2C124 /* arrow2.obj */; };
		4D11877411C7F1F300B2C124 /* arrow3.mtl in Resources */ = {isa = PBXBuildFile; fileRef = 4D11876911C7F1F300B2C124 /* arrow3.mtl */; };
		4D11877511C7F1F300B2C124 /* arrow3.obj in Resources */ = {isa = PBXBuildFile; fileRef = 4D11876A11C7F1F300B2C124 /* arrow3.obj */; };
		4D11877611C7F1F300B2C124 /* arrow4.mtl in Resources */ = {isa = PBXBuildFile; fileRef = 4D11876B11C7F1F300B2C124 /* arrow4.mtl */; };
		4D11877711C7F1F300B2C124 /* arrow4.obj in Resources */ = {isa = PBXBuildFile; fileRef = 4D11876C11C7F1F300B2C124 /* arrow4.obj */; };
		4D11877811C7F1F300B2C124 /* arrow5.obj in Resources */ = {isa = PBXBuildFile; fileRef = 4D11876D11C7F1F300B2C124 /* arrow5.obj */; };
		4D11877911C7F1F300B2C124 /* cube.obj in Resources */ = {isa = PBXBuildFile; fileRef = 4D11876E11C7F1F300B2C124 /* cube.obj */; };
		4D11877A11C7F1F300B2C124 /* sphere.obj in Resources */ = {isa = PBXBuildFile; fileRef = 4D11876F11C7F1F300B2C124 /* sphere.obj */; };
		4D11877D11C7F20000B2C124 /* location.png in Resources */ = {isa = PBXBuildFile; fileRef = 4D11877B11C7F20000B2C124 /* location.png */; };
		4D11877E11C7F20000B2C124 /* compass.png in Resources */ = {isa = PBXBuildFile; fileRef = 4D11877C11C7F20000B2C124 /* compass.png */; };
		4D11878011C7F23E00B2C124 /* lightbulb.png in Resources */ = {isa = PBXBuildFile; fileRef = 4D11877F11C7F23E00B2C124 /* lightbulb.png */; };
		4D11878211C7F26100B2C124 /* target.png in Resources */ = {isa = PBXBuildFile; fileRef = 4D11878111C7F26100B2C124 /* target.png */; };
		4D11886411C8257C00B2C124 /* CREDITS in Resources */ = {isa = PBXBuildFile; fileRef = 4D11885611C8257C00B2C124 /* CREDITS */; };
		4D11886511C8257C00B2C124 /* NSObject+SBJSON.m in Sources */ = {isa = PBXBuildFile; fileRef = 4D11885911C8257C00B2C124 /* NSObject+SBJSON.m */; };
		4D11886611C8257C00B2C124 /* NSString+SBJSON.m in Sources */ = {isa = PBXBuildFile; fileRef = 4D11885B11C8257C00B2C124 /* NSString+SBJSON.m */; };
		4D11886711C8257C00B2C124 /* SBJSON.m in Sources */ = {isa = PBXBuildFile; fileRef = 4D11885D11C8257C00B2C124 /* SBJSON.m */; };
		4D11886811C8257C00B2C124 /* SBJsonBase.m in Sources */ = {isa = PBXBuildFile; fileRef = 4D11885F11C8257C00B2C124 /* SBJsonBase.m */; };
		4D11886911C8257C00B2C124 /* SBJsonParser.m in Sources */ = {isa = PBXBuildFile; fileRef = 4D11886111C8257C00B2C124 /* SBJsonParser.m */; };
		4D11886A11C8257C00B2C124 /* SBJsonWriter.m in Sources */ = {isa = PBXBuildFile; fileRef = 4D11886311C8257C00B2C124 /* SBJsonWriter.m */; };
		4D11898A11C8400400B2C124 /* SphereBackgroundView.m in Sources */ = {isa = PBXBuildFile; fileRef = 4D11898911C8400400B2C124 /* SphereBackgroundView.m */; };
		4D169BDD1194CADF00F499D7 /* 3dar.plist in Resources */ = {isa = PBXBuildFile; fileRef = 4D169B441194CADF00F499D7 /* 3dar.plist */; };
		4D169C111194CADF00F499D7 /* 3dar_logo.png in Resources */ = {isa = PBXBuildFile; fileRef = 4D169BD21194CADF00F499D7 /* 3dar_logo.png */; };
		4D169C121194CADF00F499D7 /* 3dar_marker_icon1.png in Resources */ = {isa = PBXBuildFile; fileRef = 4D169BD31194CADF00F499D7 /* 3dar_marker_icon1.png */; };
		4D169C131194CADF00F499D7 /* 3dar_marker_icon2.png in Resources */ = {isa = PBXBuildFile; fileRef = 4D169BD41194CADF00F499D7 /* 3dar_marker_icon2.png */; };
		4D169C141194CADF00F499D7 /* 3dar_marker_icon3.png in Resources */ = {isa = PBXBuildFile; fileRef = 4D169BD51194CADF00F499D7 /* 3dar_marker_icon3.png */; };
		4D169C151194CADF00F499D7 /* 3dar_marker_icon4.png in Resources */ = {isa = PBXBuildFile; fileRef = 4D169BD61194CADF00F499D7 /* 3dar_marker_icon4.png */; };
		4D169C161194CADF00F499D7 /* 3dar_marker_icon5.png in Resources */ = {isa = PBXBuildFile; fileRef = 4D169BD71194CADF00F499D7 /* 3dar_marker_icon5.png */; };
		4D169C171194CADF00F499D7 /* 3dar_marker_icon6.png in Resources */ = {isa = PBXBuildFile; fileRef = 4D169BD81194CADF00F499D7 /* 3dar_marker_icon6.png */; };
		4D169C1A1194CADF00F499D7 /* SM3DAR_keys.txt in Resources */ = {isa = PBXBuildFile; fileRef = 4D169BDC1194CADF00F499D7 /* SM3DAR_keys.txt */; };
		4D169C2C1194CB8800F499D7 /* CoreLocation.framework in Frameworks */ = {isa = PBXBuildFile; fileRef = 4D169C2B1194CB8800F499D7 /* CoreLocation.framework */; };
		4D169C2E1194CB8900F499D7 /* MapKit.framework in Frameworks */ = {isa = PBXBuildFile; fileRef = 4D169C2D1194CB8900F499D7 /* MapKit.framework */; };
		4D169C301194CB8900F499D7 /* OpenGLES.framework in Frameworks */ = {isa = PBXBuildFile; fileRef = 4D169C2F1194CB8900F499D7 /* OpenGLES.framework */; };
		4D169C321194CB8900F499D7 /* QuartzCore.framework in Frameworks */ = {isa = PBXBuildFile; fileRef = 4D169C311194CB8900F499D7 /* QuartzCore.framework */; };
		4D2142FE11A7AB8F00FD6222 /* ArrowView.m in Sources */ = {isa = PBXBuildFile; fileRef = 4D2142FD11A7AB8F00FD6222 /* ArrowView.m */; };
		4D2144A611AA419B00FD6222 /* ArrowFixture.m in Sources */ = {isa = PBXBuildFile; fileRef = 4D2144A511AA419B00FD6222 /* ArrowFixture.m */; };
		4D21453211AB20D100FD6222 /* HistoryController.m in Sources */ = {isa = PBXBuildFile; fileRef = 4D21453011AB20D100FD6222 /* HistoryController.m */; };
		4D21453311AB20D100FD6222 /* HistoryController.xib in Resources */ = {isa = PBXBuildFile; fileRef = 4D21453111AB20D100FD6222 /* HistoryController.xib */; };
		4D2145C411AB296800FD6222 /* AboutController.m in Sources */ = {isa = PBXBuildFile; fileRef = 4D2145C211AB296800FD6222 /* AboutController.m */; };
		4D2145C511AB296800FD6222 /* AboutController.xib in Resources */ = {isa = PBXBuildFile; fileRef = 4D2145C311AB296800FD6222 /* AboutController.xib */; };
		4D2145D411AB2B3300FD6222 /* UpgradesController.m in Sources */ = {isa = PBXBuildFile; fileRef = 4D2145D211AB2B3300FD6222 /* UpgradesController.m */; };
		4D2145D511AB2B3300FD6222 /* UpgradesController.xib in Resources */ = {isa = PBXBuildFile; fileRef = 4D2145D311AB2B3300FD6222 /* UpgradesController.xib */; };
		4D21460711AB394A00FD6222 /* UpgradeDetailController.m in Sources */ = {isa = PBXBuildFile; fileRef = 4D21460511AB394A00FD6222 /* UpgradeDetailController.m */; };
		4D21460811AB394A00FD6222 /* UpgradeDetailController.xib in Resources */ = {isa = PBXBuildFile; fileRef = 4D21460611AB394A00FD6222 /* UpgradeDetailController.xib */; };
		4D21460B11AB398000FD6222 /* UpgradeItem.m in Sources */ = {isa = PBXBuildFile; fileRef = 4D21460A11AB398000FD6222 /* UpgradeItem.m */; };
		4D21461811AB6B5C00FD6222 /* InfoController.m in Sources */ = {isa = PBXBuildFile; fileRef = 4D21461611AB6B5C00FD6222 /* InfoController.m */; };
		4D21461911AB6B5C00FD6222 /* InfoController.xib in Resources */ = {isa = PBXBuildFile; fileRef = 4D21461711AB6B5C00FD6222 /* InfoController.xib */; };
		4D21464411ABA2F000FD6222 /* NSUserDefaults+Database.m in Sources */ = {isa = PBXBuildFile; fileRef = 4D21464311ABA2F000FD6222 /* NSUserDefaults+Database.m */; };
		4D21464F11ABA45B00FD6222 /* ParkingSpot.m in Sources */ = {isa = PBXBuildFile; fileRef = 4D21464E11ABA45B00FD6222 /* ParkingSpot.m */; };
		4D2146CD11AC1F3D00FD6222 /* lib3DAR.a in Frameworks */ = {isa = PBXBuildFile; fileRef = 4D2146CC11AC1F3D00FD6222 /* lib3DAR.a */; };
		4D2146E811AC217800FD6222 /* ParkarViewController.m in Sources */ = {isa = PBXBuildFile; fileRef = 4D2146E211AC217800FD6222 /* ParkarViewController.m */; };
		4D2146E911AC217800FD6222 /* WharCarViewController.xib in Resources */ = {isa = PBXBuildFile; fileRef = 4D2146E311AC217800FD6222 /* WharCarViewController.xib */; };
		4D2146EA11AC217800FD6222 /* MainWindow.xib in Resources */ = {isa = PBXBuildFile; fileRef = 4D2146E511AC217800FD6222 /* MainWindow.xib */; };
		4D2146EB11AC217800FD6222 /* ParkarAppDelegate.m in Sources */ = {isa = PBXBuildFile; fileRef = 4D2146E711AC217800FD6222 /* ParkarAppDelegate.m */; };
		4D84B05A11D7A19700369E37 /* NSDate+Utilities.m in Sources */ = {isa = PBXBuildFile; fileRef = 4D84B05911D7A19700369E37 /* NSDate+Utilities.m */; };
		4D84B0D111D8231000369E37 /* HistoryTableViewCell.m in Sources */ = {isa = PBXBuildFile; fileRef = 4D84B0D011D8231000369E37 /* HistoryTableViewCell.m */; };
		4DDBE1BB1197BB8F00565D41 /* compass_rose_g_300.png in Resources */ = {isa = PBXBuildFile; fileRef = 4DDBE1B91197BB8F00565D41 /* compass_rose_g_300.png */; };
		4DDBE2B71197DE6500565D41 /* PointOfInterest.m in Sources */ = {isa = PBXBuildFile; fileRef = 4DDBE2B61197DE6500565D41 /* PointOfInterest.m */; };
		4DDBE2EB1198858700565D41 /* arrow_up.png in Resources */ = {isa = PBXBuildFile; fileRef = 4DDBE2EA1198858700565D41 /* arrow_up.png */; };
		4DDBE2ED119886D000565D41 /* arrow_up_92.png in Resources */ = {isa = PBXBuildFile; fileRef = 4DDBE2EC119886D000565D41 /* arrow_up_92.png */; };
		4DDBE2F01198901200565D41 /* wedge_92.png in Resources */ = {isa = PBXBuildFile; fileRef = 4DDBE2EE1198901200565D41 /* wedge_92.png */; };
		4DDBE2F11198901200565D41 /* wedge_128.png in Resources */ = {isa = PBXBuildFile; fileRef = 4DDBE2EF1198901200565D41 /* wedge_128.png */; };
		4DDBE329119897CA00565D41 /* crosshairs_49x30.png in Resources */ = {isa = PBXBuildFile; fileRef = 4DDBE328119897CA00565D41 /* crosshairs_49x30.png */; };
		4DDBE33C1198A0EE00565D41 /* instructions_c.png in Resources */ = {isa = PBXBuildFile; fileRef = 4DDBE3391198A0EE00565D41 /* instructions_c.png */; };
		4DDBE3851198AFDD00565D41 /* sky.png in Resources */ = {isa = PBXBuildFile; fileRef = 4DDBE3841198AFDD00565D41 /* sky.png */; };
		4DDBE38A1198B00700565D41 /* GroundPlaneView.m in Sources */ = {isa = PBXBuildFile; fileRef = 4DDBE3871198B00700565D41 /* GroundPlaneView.m */; };
		4DDBE38B1198B00700565D41 /* SphereView.m in Sources */ = {isa = PBXBuildFile; fileRef = 4DDBE3891198B00700565D41 /* SphereView.m */; };
		4DDBE38E1198B02200565D41 /* TexturedGeometryView.m in Sources */ = {isa = PBXBuildFile; fileRef = 4DDBE38D1198B02200565D41 /* TexturedGeometryView.m */; };
		4DDBE3911198B0A500565D41 /* AsyncArtworkFetcher.m in Sources */ = {isa = PBXBuildFile; fileRef = 4DDBE3901198B0A500565D41 /* AsyncArtworkFetcher.m */; };
		4DDBE3D01198BD6A00565D41 /* sky2.png in Resources */ = {isa = PBXBuildFile; fileRef = 4DDBE3CF1198BD6A00565D41 /* sky2.png */; };
		4DDBE3DB1198BDE000565D41 /* ground1_1024.jpg in Resources */ = {isa = PBXBuildFile; fileRef = 4DDBE3DA1198BDE000565D41 /* ground1_1024.jpg */; };
		4DFADD771194FE3000C23B45 /* Default.png in Resources */ = {isa = PBXBuildFile; fileRef = 4DFADD741194FE3000C23B45 /* Default.png */; };
		4DFADD791194FE3000C23B45 /* Icon.png in Resources */ = {isa = PBXBuildFile; fileRef = 4DFADD761194FE3000C23B45 /* Icon.png */; };
		4DFADE621195D53700C23B45 /* RoundedLabelMarkerView.m in Sources */ = {isa = PBXBuildFile; fileRef = 4DFADE601195D53700C23B45 /* RoundedLabelMarkerView.m */; };
		4DFADE6A1195D54C00C23B45 /* Model.m in Sources */ = {isa = PBXBuildFile; fileRef = 4DFADE661195D54C00C23B45 /* Model.m */; };
		4DFADE7811970D4200C23B45 /* PointerView.m in Sources */ = {isa = PBXBuildFile; fileRef = 4DFADE7711970D4200C23B45 /* PointerView.m */; };
/* End PBXBuildFile section */

/* Begin PBXFileReference section */
		1D30AB110D05D00D00671497 /* Foundation.framework */ = {isa = PBXFileReference; lastKnownFileType = wrapper.framework; name = Foundation.framework; path = System/Library/Frameworks/Foundation.framework; sourceTree = SDKROOT; };
		1D6058910D05DD3D006BFB54 /* Parking.app */ = {isa = PBXFileReference; explicitFileType = wrapper.application; includeInIndex = 0; path = Parking.app; sourceTree = BUILT_PRODUCTS_DIR; };
		1DF5F4DF0D08C38300B7A737 /* UIKit.framework */ = {isa = PBXFileReference; lastKnownFileType = wrapper.framework; name = UIKit.framework; path = System/Library/Frameworks/UIKit.framework; sourceTree = SDKROOT; };
		288765A40DF7441C002DB57D /* CoreGraphics.framework */ = {isa = PBXFileReference; lastKnownFileType = wrapper.framework; name = CoreGraphics.framework; path = System/Library/Frameworks/CoreGraphics.framework; sourceTree = SDKROOT; };
		29B97316FDCFA39411CA2CEA /* main.m */ = {isa = PBXFileReference; fileEncoding = 4; lastKnownFileType = sourcecode.c.objc; path = main.m; sourceTree = "<group>"; };
		32CA4F630368D1EE00C91783 /* ParkingSpotMetrix_Prefix.pch */ = {isa = PBXFileReference; fileEncoding = 4; lastKnownFileType = sourcecode.c.h; path = ParkingSpotMetrix_Prefix.pch; sourceTree = "<group>"; };
		4D08ADD511BD9F7800643BF5 /* README.txt */ = {isa = PBXFileReference; fileEncoding = 4; lastKnownFileType = text; path = README.txt; sourceTree = "<group>"; };
		4D08ADF011BDA13000643BF5 /* OscillatingFixture.h */ = {isa = PBXFileReference; fileEncoding = 4; lastKnownFileType = sourcecode.c.h; path = OscillatingFixture.h; sourceTree = "<group>"; };
		4D08ADF111BDA13000643BF5 /* OscillatingFixture.m */ = {isa = PBXFileReference; fileEncoding = 4; lastKnownFileType = sourcecode.c.objc; path = OscillatingFixture.m; sourceTree = "<group>"; };
		4D08ADF511BDA23400643BF5 /* ParkingSpotPOI.h */ = {isa = PBXFileReference; fileEncoding = 4; lastKnownFileType = sourcecode.c.h; path = ParkingSpotPOI.h; sourceTree = "<group>"; };
		4D08ADF611BDA23400643BF5 /* ParkingSpotPOI.m */ = {isa = PBXFileReference; fileEncoding = 4; lastKnownFileType = sourcecode.c.objc; path = ParkingSpotPOI.m; sourceTree = "<group>"; };
		4D11876511C7F1F300B2C124 /* arrow.mtl */ = {isa = PBXFileReference; fileEncoding = 4; lastKnownFileType = text; path = arrow.mtl; sourceTree = "<group>"; };
		4D11876611C7F1F300B2C124 /* arrow.obj */ = {isa = PBXFileReference; fileEncoding = 4; lastKnownFileType = text; path = arrow.obj; sourceTree = "<group>"; };
		4D11876711C7F1F300B2C124 /* arrow2.mtl */ = {isa = PBXFileReference; fileEncoding = 4; lastKnownFileType = text; path = arrow2.mtl; sourceTree = "<group>"; };
		4D11876811C7F1F300B2C124 /* arrow2.obj */ = {isa = PBXFileReference; fileEncoding = 4; lastKnownFileType = text; path = arrow2.obj; sourceTree = "<group>"; };
		4D11876911C7F1F300B2C124 /* arrow3.mtl */ = {isa = PBXFileReference; fileEncoding = 4; lastKnownFileType = text; path = arrow3.mtl; sourceTree = "<group>"; };
		4D11876A11C7F1F300B2C124 /* arrow3.obj */ = {isa = PBXFileReference; fileEncoding = 4; lastKnownFileType = text; path = arrow3.obj; sourceTree = "<group>"; };
		4D11876B11C7F1F300B2C124 /* arrow4.mtl */ = {isa = PBXFileReference; fileEncoding = 4; lastKnownFileType = text; path = arrow4.mtl; sourceTree = "<group>"; };
		4D11876C11C7F1F300B2C124 /* arrow4.obj */ = {isa = PBXFileReference; fileEncoding = 4; lastKnownFileType = text; path = arrow4.obj; sourceTree = "<group>"; };
		4D11876D11C7F1F300B2C124 /* arrow5.obj */ = {isa = PBXFileReference; fileEncoding = 4; lastKnownFileType = text; path = arrow5.obj; sourceTree = "<group>"; };
		4D11876E11C7F1F300B2C124 /* cube.obj */ = {isa = PBXFileReference; fileEncoding = 4; lastKnownFileType = text; path = cube.obj; sourceTree = "<group>"; };
		4D11876F11C7F1F300B2C124 /* sphere.obj */ = {isa = PBXFileReference; fileEncoding = 4; lastKnownFileType = text; path = sphere.obj; sourceTree = "<group>"; };
		4D11877B11C7F20000B2C124 /* location.png */ = {isa = PBXFileReference; lastKnownFileType = image.png; path = location.png; sourceTree = "<group>"; };
		4D11877C11C7F20000B2C124 /* compass.png */ = {isa = PBXFileReference; lastKnownFileType = image.png; path = compass.png; sourceTree = "<group>"; };
		4D11877F11C7F23E00B2C124 /* lightbulb.png */ = {isa = PBXFileReference; lastKnownFileType = image.png; path = lightbulb.png; sourceTree = "<group>"; };
		4D11878111C7F26100B2C124 /* target.png */ = {isa = PBXFileReference; lastKnownFileType = image.png; path = target.png; sourceTree = "<group>"; };
		4D11885611C8257C00B2C124 /* CREDITS */ = {isa = PBXFileReference; fileEncoding = 4; lastKnownFileType = text; path = CREDITS; sourceTree = "<group>"; };
		4D11885711C8257C00B2C124 /* JSON.h */ = {isa = PBXFileReference; fileEncoding = 4; lastKnownFileType = sourcecode.c.h; path = JSON.h; sourceTree = "<group>"; };
		4D11885811C8257C00B2C124 /* NSObject+SBJSON.h */ = {isa = PBXFileReference; fileEncoding = 4; lastKnownFileType = sourcecode.c.h; path = "NSObject+SBJSON.h"; sourceTree = "<group>"; };
		4D11885911C8257C00B2C124 /* NSObject+SBJSON.m */ = {isa = PBXFileReference; fileEncoding = 4; lastKnownFileType = sourcecode.c.objc; path = "NSObject+SBJSON.m"; sourceTree = "<group>"; };
		4D11885A11C8257C00B2C124 /* NSString+SBJSON.h */ = {isa = PBXFileReference; fileEncoding = 4; lastKnownFileType = sourcecode.c.h; path = "NSString+SBJSON.h"; sourceTree = "<group>"; };
		4D11885B11C8257C00B2C124 /* NSString+SBJSON.m */ = {isa = PBXFileReference; fileEncoding = 4; lastKnownFileType = sourcecode.c.objc; path = "NSString+SBJSON.m"; sourceTree = "<group>"; };
		4D11885C11C8257C00B2C124 /* SBJSON.h */ = {isa = PBXFileReference; fileEncoding = 4; lastKnownFileType = sourcecode.c.h; path = SBJSON.h; sourceTree = "<group>"; };
		4D11885D11C8257C00B2C124 /* SBJSON.m */ = {isa = PBXFileReference; fileEncoding = 4; lastKnownFileType = sourcecode.c.objc; path = SBJSON.m; sourceTree = "<group>"; };
		4D11885E11C8257C00B2C124 /* SBJsonBase.h */ = {isa = PBXFileReference; fileEncoding = 4; lastKnownFileType = sourcecode.c.h; path = SBJsonBase.h; sourceTree = "<group>"; };
		4D11885F11C8257C00B2C124 /* SBJsonBase.m */ = {isa = PBXFileReference; fileEncoding = 4; lastKnownFileType = sourcecode.c.objc; path = SBJsonBase.m; sourceTree = "<group>"; };
		4D11886011C8257C00B2C124 /* SBJsonParser.h */ = {isa = PBXFileReference; fileEncoding = 4; lastKnownFileType = sourcecode.c.h; path = SBJsonParser.h; sourceTree = "<group>"; };
		4D11886111C8257C00B2C124 /* SBJsonParser.m */ = {isa = PBXFileReference; fileEncoding = 4; lastKnownFileType = sourcecode.c.objc; path = SBJsonParser.m; sourceTree = "<group>"; };
		4D11886211C8257C00B2C124 /* SBJsonWriter.h */ = {isa = PBXFileReference; fileEncoding = 4; lastKnownFileType = sourcecode.c.h; path = SBJsonWriter.h; sourceTree = "<group>"; };
		4D11886311C8257C00B2C124 /* SBJsonWriter.m */ = {isa = PBXFileReference; fileEncoding = 4; lastKnownFileType = sourcecode.c.objc; path = SBJsonWriter.m; sourceTree = "<group>"; };
		4D11898811C8400400B2C124 /* SphereBackgroundView.h */ = {isa = PBXFileReference; fileEncoding = 4; lastKnownFileType = sourcecode.c.h; path = SphereBackgroundView.h; sourceTree = "<group>"; };
		4D11898911C8400400B2C124 /* SphereBackgroundView.m */ = {isa = PBXFileReference; fileEncoding = 4; lastKnownFileType = sourcecode.c.objc; path = SphereBackgroundView.m; sourceTree = "<group>"; };
		4D169B441194CADF00F499D7 /* 3dar.plist */ = {isa = PBXFileReference; fileEncoding = 4; lastKnownFileType = text.plist.xml; path = 3dar.plist; sourceTree = "<group>"; };
		4D169BD21194CADF00F499D7 /* 3dar_logo.png */ = {isa = PBXFileReference; lastKnownFileType = image.png; path = 3dar_logo.png; sourceTree = "<group>"; };
		4D169BD31194CADF00F499D7 /* 3dar_marker_icon1.png */ = {isa = PBXFileReference; lastKnownFileType = image.png; path = 3dar_marker_icon1.png; sourceTree = "<group>"; };
		4D169BD41194CADF00F499D7 /* 3dar_marker_icon2.png */ = {isa = PBXFileReference; lastKnownFileType = image.png; path = 3dar_marker_icon2.png; sourceTree = "<group>"; };
		4D169BD51194CADF00F499D7 /* 3dar_marker_icon3.png */ = {isa = PBXFileReference; lastKnownFileType = image.png; path = 3dar_marker_icon3.png; sourceTree = "<group>"; };
		4D169BD61194CADF00F499D7 /* 3dar_marker_icon4.png */ = {isa = PBXFileReference; lastKnownFileType = image.png; path = 3dar_marker_icon4.png; sourceTree = "<group>"; };
		4D169BD71194CADF00F499D7 /* 3dar_marker_icon5.png */ = {isa = PBXFileReference; lastKnownFileType = image.png; path = 3dar_marker_icon5.png; sourceTree = "<group>"; };
		4D169BD81194CADF00F499D7 /* 3dar_marker_icon6.png */ = {isa = PBXFileReference; lastKnownFileType = image.png; path = 3dar_marker_icon6.png; sourceTree = "<group>"; };
		4D169BD91194CADF00F499D7 /* bubble1.png */ = {isa = PBXFileReference; lastKnownFileType = image.png; path = bubble1.png; sourceTree = "<group>"; };
		4D169BDA1194CADF00F499D7 /* compass_rose.png */ = {isa = PBXFileReference; lastKnownFileType = image.png; path = compass_rose.png; sourceTree = "<group>"; };
		4D169BDB1194CADF00F499D7 /* SM3DAR.h */ = {isa = PBXFileReference; fileEncoding = 4; lastKnownFileType = sourcecode.c.h; path = SM3DAR.h; sourceTree = "<group>"; };
		4D169BDC1194CADF00F499D7 /* SM3DAR_keys.txt */ = {isa = PBXFileReference; fileEncoding = 4; lastKnownFileType = text; path = SM3DAR_keys.txt; sourceTree = "<group>"; };
		4D169C2B1194CB8800F499D7 /* CoreLocation.framework */ = {isa = PBXFileReference; lastKnownFileType = wrapper.framework; name = CoreLocation.framework; path = System/Library/Frameworks/CoreLocation.framework; sourceTree = SDKROOT; };
		4D169C2D1194CB8900F499D7 /* MapKit.framework */ = {isa = PBXFileReference; lastKnownFileType = wrapper.framework; name = MapKit.framework; path = System/Library/Frameworks/MapKit.framework; sourceTree = SDKROOT; };
		4D169C2F1194CB8900F499D7 /* OpenGLES.framework */ = {isa = PBXFileReference; lastKnownFileType = wrapper.framework; name = OpenGLES.framework; path = System/Library/Frameworks/OpenGLES.framework; sourceTree = SDKROOT; };
		4D169C311194CB8900F499D7 /* QuartzCore.framework */ = {isa = PBXFileReference; lastKnownFileType = wrapper.framework; name = QuartzCore.framework; path = System/Library/Frameworks/QuartzCore.framework; sourceTree = SDKROOT; };
		4D2142FC11A7AB8F00FD6222 /* ArrowView.h */ = {isa = PBXFileReference; fileEncoding = 4; lastKnownFileType = sourcecode.c.h; path = ArrowView.h; sourceTree = "<group>"; };
		4D2142FD11A7AB8F00FD6222 /* ArrowView.m */ = {isa = PBXFileReference; fileEncoding = 4; lastKnownFileType = sourcecode.c.objc; path = ArrowView.m; sourceTree = "<group>"; };
		4D21440211A7CF1B00FD6222 /* arrow_512x512.png */ = {isa = PBXFileReference; lastKnownFileType = image.png; path = arrow_512x512.png; sourceTree = "<group>"; };
		4D2144A411AA419B00FD6222 /* ArrowFixture.h */ = {isa = PBXFileReference; fileEncoding = 4; lastKnownFileType = sourcecode.c.h; path = ArrowFixture.h; sourceTree = "<group>"; };
		4D2144A511AA419B00FD6222 /* ArrowFixture.m */ = {isa = PBXFileReference; fileEncoding = 4; lastKnownFileType = sourcecode.c.objc; path = ArrowFixture.m; sourceTree = "<group>"; };
		4D21452F11AB20D100FD6222 /* HistoryController.h */ = {isa = PBXFileReference; fileEncoding = 4; lastKnownFileType = sourcecode.c.h; path = HistoryController.h; sourceTree = "<group>"; };
		4D21453011AB20D100FD6222 /* HistoryController.m */ = {isa = PBXFileReference; fileEncoding = 4; lastKnownFileType = sourcecode.c.objc; path = HistoryController.m; sourceTree = "<group>"; };
		4D21453111AB20D100FD6222 /* HistoryController.xib */ = {isa = PBXFileReference; lastKnownFileType = file.xib; path = HistoryController.xib; sourceTree = "<group>"; };
		4D2145C111AB296800FD6222 /* AboutController.h */ = {isa = PBXFileReference; fileEncoding = 4; lastKnownFileType = sourcecode.c.h; path = AboutController.h; sourceTree = "<group>"; };
		4D2145C211AB296800FD6222 /* AboutController.m */ = {isa = PBXFileReference; fileEncoding = 4; lastKnownFileType = sourcecode.c.objc; path = AboutController.m; sourceTree = "<group>"; };
		4D2145C311AB296800FD6222 /* AboutController.xib */ = {isa = PBXFileReference; lastKnownFileType = file.xib; path = AboutController.xib; sourceTree = "<group>"; };
		4D2145D111AB2B3300FD6222 /* UpgradesController.h */ = {isa = PBXFileReference; fileEncoding = 4; lastKnownFileType = sourcecode.c.h; path = UpgradesController.h; sourceTree = "<group>"; };
		4D2145D211AB2B3300FD6222 /* UpgradesController.m */ = {isa = PBXFileReference; fileEncoding = 4; lastKnownFileType = sourcecode.c.objc; path = UpgradesController.m; sourceTree = "<group>"; };
		4D2145D311AB2B3300FD6222 /* UpgradesController.xib */ = {isa = PBXFileReference; lastKnownFileType = file.xib; path = UpgradesController.xib; sourceTree = "<group>"; };
		4D21460411AB394A00FD6222 /* UpgradeDetailController.h */ = {isa = PBXFileReference; fileEncoding = 4; lastKnownFileType = sourcecode.c.h; path = UpgradeDetailController.h; sourceTree = "<group>"; };
		4D21460511AB394A00FD6222 /* UpgradeDetailController.m */ = {isa = PBXFileReference; fileEncoding = 4; lastKnownFileType = sourcecode.c.objc; path = UpgradeDetailController.m; sourceTree = "<group>"; };
		4D21460611AB394A00FD6222 /* UpgradeDetailController.xib */ = {isa = PBXFileReference; lastKnownFileType = file.xib; path = UpgradeDetailController.xib; sourceTree = "<group>"; };
		4D21460911AB398000FD6222 /* UpgradeItem.h */ = {isa = PBXFileReference; fileEncoding = 4; lastKnownFileType = sourcecode.c.h; path = UpgradeItem.h; sourceTree = "<group>"; };
		4D21460A11AB398000FD6222 /* UpgradeItem.m */ = {isa = PBXFileReference; fileEncoding = 4; lastKnownFileType = sourcecode.c.objc; path = UpgradeItem.m; sourceTree = "<group>"; };
		4D21461511AB6B5C00FD6222 /* InfoController.h */ = {isa = PBXFileReference; fileEncoding = 4; lastKnownFileType = sourcecode.c.h; path = InfoController.h; sourceTree = "<group>"; };
		4D21461611AB6B5C00FD6222 /* InfoController.m */ = {isa = PBXFileReference; fileEncoding = 4; lastKnownFileType = sourcecode.c.objc; path = InfoController.m; sourceTree = "<group>"; };
		4D21461711AB6B5C00FD6222 /* InfoController.xib */ = {isa = PBXFileReference; lastKnownFileType = file.xib; path = InfoController.xib; sourceTree = "<group>"; };
		4D21464211ABA2F000FD6222 /* NSUserDefaults+Database.h */ = {isa = PBXFileReference; fileEncoding = 4; lastKnownFileType = sourcecode.c.h; path = "NSUserDefaults+Database.h"; sourceTree = "<group>"; };
		4D21464311ABA2F000FD6222 /* NSUserDefaults+Database.m */ = {isa = PBXFileReference; fileEncoding = 4; lastKnownFileType = sourcecode.c.objc; path = "NSUserDefaults+Database.m"; sourceTree = "<group>"; };
		4D21464D11ABA45B00FD6222 /* ParkingSpot.h */ = {isa = PBXFileReference; fileEncoding = 4; lastKnownFileType = sourcecode.c.h; path = ParkingSpot.h; sourceTree = "<group>"; };
		4D21464E11ABA45B00FD6222 /* ParkingSpot.m */ = {isa = PBXFileReference; fileEncoding = 4; lastKnownFileType = sourcecode.c.objc; path = ParkingSpot.m; sourceTree = "<group>"; };
		4D2146CC11AC1F3D00FD6222 /* lib3DAR.a */ = {isa = PBXFileReference; lastKnownFileType = archive.ar; name = lib3DAR.a; path = "../../../../PROJECTS/SM3DAR/SM3DARLibrary/SM3DARLibrary/build/Debug-iphoneos/lib3DAR.a"; sourceTree = SOURCE_ROOT; };
		4D2146E111AC217800FD6222 /* ParkarViewController.h */ = {isa = PBXFileReference; fileEncoding = 4; lastKnownFileType = sourcecode.c.h; path = ParkarViewController.h; sourceTree = "<group>"; };
		4D2146E211AC217800FD6222 /* ParkarViewController.m */ = {isa = PBXFileReference; fileEncoding = 4; lastKnownFileType = sourcecode.c.objc; path = ParkarViewController.m; sourceTree = "<group>"; };
		4D2146E311AC217800FD6222 /* WharCarViewController.xib */ = {isa = PBXFileReference; lastKnownFileType = file.xib; path = WharCarViewController.xib; sourceTree = "<group>"; };
		4D2146E511AC217800FD6222 /* MainWindow.xib */ = {isa = PBXFileReference; lastKnownFileType = file.xib; path = MainWindow.xib; sourceTree = "<group>"; };
		4D2146E611AC217800FD6222 /* ParkarAppDelegate.h */ = {isa = PBXFileReference; fileEncoding = 4; lastKnownFileType = sourcecode.c.h; path = ParkarAppDelegate.h; sourceTree = "<group>"; };
		4D2146E711AC217800FD6222 /* ParkarAppDelegate.m */ = {isa = PBXFileReference; fileEncoding = 4; lastKnownFileType = sourcecode.c.objc; path = ParkarAppDelegate.m; sourceTree = "<group>"; };
		4D2841C811973AF900DC90A7 /* compass_rose_b_300.png */ = {isa = PBXFileReference; lastKnownFileType = image.png; path = compass_rose_b_300.png; sourceTree = "<group>"; };
		4D84B05811D7A19700369E37 /* NSDate+Utilities.h */ = {isa = PBXFileReference; fileEncoding = 4; lastKnownFileType = sourcecode.c.h; path = "NSDate+Utilities.h"; sourceTree = "<group>"; };
		4D84B05911D7A19700369E37 /* NSDate+Utilities.m */ = {isa = PBXFileReference; fileEncoding = 4; lastKnownFileType = sourcecode.c.objc; path = "NSDate+Utilities.m"; sourceTree = "<group>"; };
		4D84B0CF11D8231000369E37 /* HistoryTableViewCell.h */ = {isa = PBXFileReference; fileEncoding = 4; lastKnownFileType = sourcecode.c.h; path = HistoryTableViewCell.h; sourceTree = "<group>"; };
		4D84B0D011D8231000369E37 /* HistoryTableViewCell.m */ = {isa = PBXFileReference; fileEncoding = 4; lastKnownFileType = sourcecode.c.objc; path = HistoryTableViewCell.m; sourceTree = "<group>"; };
		4DDBE1B21197635400565D41 /* compass_rose_e_300.png */ = {isa = PBXFileReference; lastKnownFileType = image.png; path = compass_rose_e_300.png; sourceTree = "<group>"; };
		4DDBE1B81197BB8F00565D41 /* compass_rose_f_300.png */ = {isa = PBXFileReference; lastKnownFileType = image.png; path = compass_rose_f_300.png; sourceTree = "<group>"; };
		4DDBE1B91197BB8F00565D41 /* compass_rose_g_300.png */ = {isa = PBXFileReference; lastKnownFileType = image.png; path = compass_rose_g_300.png; sourceTree = "<group>"; };
		4DDBE2B51197DE6500565D41 /* PointOfInterest.h */ = {isa = PBXFileReference; fileEncoding = 4; lastKnownFileType = sourcecode.c.h; path = PointOfInterest.h; sourceTree = "<group>"; };
		4DDBE2B61197DE6500565D41 /* PointOfInterest.m */ = {isa = PBXFileReference; fileEncoding = 4; lastKnownFileType = sourcecode.c.objc; path = PointOfInterest.m; sourceTree = "<group>"; };
		4DDBE2EA1198858700565D41 /* arrow_up.png */ = {isa = PBXFileReference; lastKnownFileType = image.png; path = arrow_up.png; sourceTree = "<group>"; };
		4DDBE2EC119886D000565D41 /* arrow_up_92.png */ = {isa = PBXFileReference; lastKnownFileType = image.png; path = arrow_up_92.png; sourceTree = "<group>"; };
		4DDBE2EE1198901200565D41 /* wedge_92.png */ = {isa = PBXFileReference; lastKnownFileType = image.png; path = wedge_92.png; sourceTree = "<group>"; };
		4DDBE2EF1198901200565D41 /* wedge_128.png */ = {isa = PBXFileReference; lastKnownFileType = image.png; path = wedge_128.png; sourceTree = "<group>"; };
		4DDBE328119897CA00565D41 /* crosshairs_49x30.png */ = {isa = PBXFileReference; lastKnownFileType = image.png; path = crosshairs_49x30.png; sourceTree = "<group>"; };
		4DDBE3371198A0EE00565D41 /* instructions_a.png */ = {isa = PBXFileReference; lastKnownFileType = image.png; path = instructions_a.png; sourceTree = "<group>"; };
		4DDBE3381198A0EE00565D41 /* instructions_b.png */ = {isa = PBXFileReference; lastKnownFileType = image.png; path = instructions_b.png; sourceTree = "<group>"; };
		4DDBE3391198A0EE00565D41 /* instructions_c.png */ = {isa = PBXFileReference; lastKnownFileType = image.png; path = instructions_c.png; sourceTree = "<group>"; };
		4DDBE3841198AFDD00565D41 /* sky.png */ = {isa = PBXFileReference; lastKnownFileType = image.png; path = sky.png; sourceTree = "<group>"; };
		4DDBE3861198B00700565D41 /* GroundPlaneView.h */ = {isa = PBXFileReference; fileEncoding = 4; lastKnownFileType = sourcecode.c.h; path = GroundPlaneView.h; sourceTree = "<group>"; };
		4DDBE3871198B00700565D41 /* GroundPlaneView.m */ = {isa = PBXFileReference; fileEncoding = 4; lastKnownFileType = sourcecode.c.objc; path = GroundPlaneView.m; sourceTree = "<group>"; };
		4DDBE3881198B00700565D41 /* SphereView.h */ = {isa = PBXFileReference; fileEncoding = 4; lastKnownFileType = sourcecode.c.h; path = SphereView.h; sourceTree = "<group>"; };
		4DDBE3891198B00700565D41 /* SphereView.m */ = {isa = PBXFileReference; fileEncoding = 4; lastKnownFileType = sourcecode.c.objc; path = SphereView.m; sourceTree = "<group>"; };
		4DDBE38C1198B02200565D41 /* TexturedGeometryView.h */ = {isa = PBXFileReference; fileEncoding = 4; lastKnownFileType = sourcecode.c.h; path = TexturedGeometryView.h; sourceTree = "<group>"; };
		4DDBE38D1198B02200565D41 /* TexturedGeometryView.m */ = {isa = PBXFileReference; fileEncoding = 4; lastKnownFileType = sourcecode.c.objc; path = TexturedGeometryView.m; sourceTree = "<group>"; };
		4DDBE38F1198B0A500565D41 /* AsyncArtworkFetcher.h */ = {isa = PBXFileReference; fileEncoding = 4; lastKnownFileType = sourcecode.c.h; path = AsyncArtworkFetcher.h; sourceTree = "<group>"; };
		4DDBE3901198B0A500565D41 /* AsyncArtworkFetcher.m */ = {isa = PBXFileReference; fileEncoding = 4; lastKnownFileType = sourcecode.c.objc; path = AsyncArtworkFetcher.m; sourceTree = "<group>"; };
		4DDBE3A21198B26C00565D41 /* wallpaper1.jpg */ = {isa = PBXFileReference; lastKnownFileType = image.jpeg; path = wallpaper1.jpg; sourceTree = "<group>"; };
		4DDBE3B61198B37D00565D41 /* asphalt_a_256.png */ = {isa = PBXFileReference; lastKnownFileType = image.png; path = asphalt_a_256.png; sourceTree = "<group>"; };
		4DDBE3BE1198BA1500565D41 /* ground1.jpg */ = {isa = PBXFileReference; lastKnownFileType = image.jpeg; path = ground1.jpg; sourceTree = "<group>"; };
		4DDBE3BF1198BA1500565D41 /* ground2.jpg */ = {isa = PBXFileReference; lastKnownFileType = image.jpeg; path = ground2.jpg; sourceTree = "<group>"; };
		4DDBE3C01198BA1600565D41 /* ground3.jpg */ = {isa = PBXFileReference; lastKnownFileType = image.jpeg; path = ground3.jpg; sourceTree = "<group>"; };
		4DDBE3C11198BA1600565D41 /* ground4.jpg */ = {isa = PBXFileReference; lastKnownFileType = image.jpeg; path = ground4.jpg; sourceTree = "<group>"; };
		4DDBE3CF1198BD6A00565D41 /* sky2.png */ = {isa = PBXFileReference; lastKnownFileType = image.png; path = sky2.png; sourceTree = "<group>"; };
		4DDBE3DA1198BDE000565D41 /* ground1_1024.jpg */ = {isa = PBXFileReference; lastKnownFileType = image.jpeg; path = ground1_1024.jpg; sourceTree = "<group>"; };
		4DFADD741194FE3000C23B45 /* Default.png */ = {isa = PBXFileReference; lastKnownFileType = image.png; path = Default.png; sourceTree = "<group>"; };
		4DFADD761194FE3000C23B45 /* Icon.png */ = {isa = PBXFileReference; lastKnownFileType = image.png; path = Icon.png; sourceTree = "<group>"; };
		4DFADE5F1195D53700C23B45 /* Constants.h */ = {isa = PBXFileReference; fileEncoding = 4; lastKnownFileType = sourcecode.c.h; path = Constants.h; sourceTree = "<group>"; };
		4DFADE601195D53700C23B45 /* RoundedLabelMarkerView.m */ = {isa = PBXFileReference; fileEncoding = 4; lastKnownFileType = sourcecode.c.objc; path = RoundedLabelMarkerView.m; sourceTree = "<group>"; };
		4DFADE611195D53700C23B45 /* RoundedLabelMarkerView.h */ = {isa = PBXFileReference; fileEncoding = 4; lastKnownFileType = sourcecode.c.h; path = RoundedLabelMarkerView.h; sourceTree = "<group>"; };
		4DFADE651195D54C00C23B45 /* Model.h */ = {isa = PBXFileReference; fileEncoding = 4; lastKnownFileType = sourcecode.c.h; path = Model.h; sourceTree = "<group>"; };
		4DFADE661195D54C00C23B45 /* Model.m */ = {isa = PBXFileReference; fileEncoding = 4; lastKnownFileType = sourcecode.c.objc; path = Model.m; sourceTree = "<group>"; };
		4DFADE671195D54C00C23B45 /* Protocols.h */ = {isa = PBXFileReference; fileEncoding = 4; lastKnownFileType = sourcecode.c.h; path = Protocols.h; sourceTree = "<group>"; };
		4DFADE681195D54C00C23B45 /* SynthesizeSingleton.h */ = {isa = PBXFileReference; fileEncoding = 4; lastKnownFileType = sourcecode.c.h; path = SynthesizeSingleton.h; sourceTree = "<group>"; };
		4DFADE7611970D4200C23B45 /* PointerView.h */ = {isa = PBXFileReference; fileEncoding = 4; lastKnownFileType = sourcecode.c.h; path = PointerView.h; sourceTree = "<group>"; };
		4DFADE7711970D4200C23B45 /* PointerView.m */ = {isa = PBXFileReference; fileEncoding = 4; lastKnownFileType = sourcecode.c.objc; path = PointerView.m; sourceTree = "<group>"; };
		8D1107310486CEB800E47090 /* ParkingSpotMetrix-Info.plist */ = {isa = PBXFileReference; fileEncoding = 4; lastKnownFileType = text.plist.xml; path = "ParkingSpotMetrix-Info.plist"; plistStructureDefinitionIdentifier = "com.apple.xcode.plist.structure-definition.iphone.info-plist"; sourceTree = "<group>"; };
/* End PBXFileReference section */

/* Begin PBXFrameworksBuildPhase section */
		1D60588F0D05DD3D006BFB54 /* Frameworks */ = {
			isa = PBXFrameworksBuildPhase;
			buildActionMask = 2147483647;
			files = (
				1D60589F0D05DD5A006BFB54 /* Foundation.framework in Frameworks */,
				1DF5F4E00D08C38300B7A737 /* UIKit.framework in Frameworks */,
				288765A50DF7441C002DB57D /* CoreGraphics.framework in Frameworks */,
				4D169C2C1194CB8800F499D7 /* CoreLocation.framework in Frameworks */,
				4D169C2E1194CB8900F499D7 /* MapKit.framework in Frameworks */,
				4D169C301194CB8900F499D7 /* OpenGLES.framework in Frameworks */,
				4D169C321194CB8900F499D7 /* QuartzCore.framework in Frameworks */,
				4D2146CD11AC1F3D00FD6222 /* lib3DAR.a in Frameworks */,
			);
			runOnlyForDeploymentPostprocessing = 0;
		};
/* End PBXFrameworksBuildPhase section */

/* Begin PBXGroup section */
		19C28FACFE9D520D11CA2CBB /* Products */ = {
			isa = PBXGroup;
			children = (
				1D6058910D05DD3D006BFB54 /* Parking.app */,
			);
			name = Products;
			sourceTree = "<group>";
		};
		29B97314FDCFA39411CA2CEA /* CustomTemplate */ = {
			isa = PBXGroup;
			children = (
				4D11885411C8257500B2C124 /* Libraries */,
				4D11876411C7F1D300B2C124 /* Assets */,
				4D169B431194CADF00F499D7 /* 3DAR */,
				4D169A541194CA5700F499D7 /* Source */,
				29B97315FDCFA39411CA2CEA /* Other Sources */,
				29B97317FDCFA39411CA2CEA /* Resources */,
				29B97323FDCFA39411CA2CEA /* Frameworks */,
				19C28FACFE9D520D11CA2CBB /* Products */,
				4D08ADD511BD9F7800643BF5 /* README.txt */,
			);
			name = CustomTemplate;
			sourceTree = "<group>";
		};
		29B97315FDCFA39411CA2CEA /* Other Sources */ = {
			isa = PBXGroup;
			children = (
				32CA4F630368D1EE00C91783 /* ParkingSpotMetrix_Prefix.pch */,
				29B97316FDCFA39411CA2CEA /* main.m */,
			);
			name = "Other Sources";
			sourceTree = "<group>";
		};
		29B97317FDCFA39411CA2CEA /* Resources */ = {
			isa = PBXGroup;
			children = (
				4DFADD741194FE3000C23B45 /* Default.png */,
				4DFADD761194FE3000C23B45 /* Icon.png */,
				8D1107310486CEB800E47090 /* ParkingSpotMetrix-Info.plist */,
			);
			name = Resources;
			sourceTree = "<group>";
		};
		29B97323FDCFA39411CA2CEA /* Frameworks */ = {
			isa = PBXGroup;
			children = (
				1DF5F4DF0D08C38300B7A737 /* UIKit.framework */,
				1D30AB110D05D00D00671497 /* Foundation.framework */,
				288765A40DF7441C002DB57D /* CoreGraphics.framework */,
				4D169C2B1194CB8800F499D7 /* CoreLocation.framework */,
				4D169C2D1194CB8900F499D7 /* MapKit.framework */,
				4D169C2F1194CB8900F499D7 /* OpenGLES.framework */,
				4D169C311194CB8900F499D7 /* QuartzCore.framework */,
			);
			name = Frameworks;
			sourceTree = "<group>";
		};
		4D11876411C7F1D300B2C124 /* Assets */ = {
			isa = PBXGroup;
			children = (
				4D11878111C7F26100B2C124 /* target.png */,
				4D11877F11C7F23E00B2C124 /* lightbulb.png */,
				4D11877B11C7F20000B2C124 /* location.png */,
				4D11877C11C7F20000B2C124 /* compass.png */,
				4D11876511C7F1F300B2C124 /* arrow.mtl */,
				4D11876611C7F1F300B2C124 /* arrow.obj */,
				4D11876711C7F1F300B2C124 /* arrow2.mtl */,
				4D11876811C7F1F300B2C124 /* arrow2.obj */,
				4D11876911C7F1F300B2C124 /* arrow3.mtl */,
				4D11876A11C7F1F300B2C124 /* arrow3.obj */,
				4D11876B11C7F1F300B2C124 /* arrow4.mtl */,
				4D11876C11C7F1F300B2C124 /* arrow4.obj */,
				4D11876D11C7F1F300B2C124 /* arrow5.obj */,
				4D11876E11C7F1F300B2C124 /* cube.obj */,
				4D11876F11C7F1F300B2C124 /* sphere.obj */,
			);
			path = Assets;
			sourceTree = "<group>";
		};
		4D11885411C8257500B2C124 /* Libraries */ = {
			isa = PBXGroup;
			children = (
				4D11885511C8257C00B2C124 /* JSON */,
			);
			path = Libraries;
			sourceTree = "<group>";
		};
		4D11885511C8257C00B2C124 /* JSON */ = {
			isa = PBXGroup;
			children = (
				4D11885611C8257C00B2C124 /* CREDITS */,
				4D11885711C8257C00B2C124 /* JSON.h */,
				4D11885811C8257C00B2C124 /* NSObject+SBJSON.h */,
				4D11885911C8257C00B2C124 /* NSObject+SBJSON.m */,
				4D11885A11C8257C00B2C124 /* NSString+SBJSON.h */,
				4D11885B11C8257C00B2C124 /* NSString+SBJSON.m */,
				4D11885C11C8257C00B2C124 /* SBJSON.h */,
				4D11885D11C8257C00B2C124 /* SBJSON.m */,
				4D11885E11C8257C00B2C124 /* SBJsonBase.h */,
				4D11885F11C8257C00B2C124 /* SBJsonBase.m */,
				4D11886011C8257C00B2C124 /* SBJsonParser.h */,
				4D11886111C8257C00B2C124 /* SBJsonParser.m */,
				4D11886211C8257C00B2C124 /* SBJsonWriter.h */,
				4D11886311C8257C00B2C124 /* SBJsonWriter.m */,
			);
			path = JSON;
			sourceTree = "<group>";
		};
		4D169A541194CA5700F499D7 /* Source */ = {
			isa = PBXGroup;
			children = (
				4D21452D11AB20B200FD6222 /* About */,
				4D2146E411AC217800FD6222 /* AppDelegate */,
				4D21464111ABA2D600FD6222 /* Categories */,
				4DFADE5C1195D51100C23B45 /* Common */,
				4D21452C11AB20B200FD6222 /* History */,
				4D21461411AB6B4200FD6222 /* Info */,
				4D2146E011AC217800FD6222 /* Main */,
				4D21452E11AB20B200FD6222 /* Upgrades */,
			);
			path = Source;
			sourceTree = "<group>";
		};
		4D169B431194CADF00F499D7 /* 3DAR */ = {
			isa = PBXGroup;
			children = (
				4D2146CC11AC1F3D00FD6222 /* lib3DAR.a */,
				4DDBE2EA1198858700565D41 /* arrow_up.png */,
				4D21440211A7CF1B00FD6222 /* arrow_512x512.png */,
				4DDBE328119897CA00565D41 /* crosshairs_49x30.png */,
				4DDBE2EC119886D000565D41 /* arrow_up_92.png */,
				4DDBE2EE1198901200565D41 /* wedge_92.png */,
				4DDBE2EF1198901200565D41 /* wedge_128.png */,
				4DDBE1B81197BB8F00565D41 /* compass_rose_f_300.png */,
				4DDBE1B91197BB8F00565D41 /* compass_rose_g_300.png */,
				4DDBE1B21197635400565D41 /* compass_rose_e_300.png */,
				4DDBE3371198A0EE00565D41 /* instructions_a.png */,
				4DDBE3381198A0EE00565D41 /* instructions_b.png */,
				4DDBE3391198A0EE00565D41 /* instructions_c.png */,
				4DDBE3B61198B37D00565D41 /* asphalt_a_256.png */,
				4DDBE3BE1198BA1500565D41 /* ground1.jpg */,
				4DDBE3DA1198BDE000565D41 /* ground1_1024.jpg */,
				4DDBE3BF1198BA1500565D41 /* ground2.jpg */,
				4DDBE3C01198BA1600565D41 /* ground3.jpg */,
				4DDBE3C11198BA1600565D41 /* ground4.jpg */,
				4DDBE3A21198B26C00565D41 /* wallpaper1.jpg */,
				4D169B441194CADF00F499D7 /* 3dar.plist */,
				4D169BD21194CADF00F499D7 /* 3dar_logo.png */,
				4D169BD31194CADF00F499D7 /* 3dar_marker_icon1.png */,
				4D169BD41194CADF00F499D7 /* 3dar_marker_icon2.png */,
				4D169BD51194CADF00F499D7 /* 3dar_marker_icon3.png */,
				4D169BD61194CADF00F499D7 /* 3dar_marker_icon4.png */,
				4D169BD71194CADF00F499D7 /* 3dar_marker_icon5.png */,
				4D169BD81194CADF00F499D7 /* 3dar_marker_icon6.png */,
				4D169BD91194CADF00F499D7 /* bubble1.png */,
				4D169BDA1194CADF00F499D7 /* compass_rose.png */,
				4D2841C811973AF900DC90A7 /* compass_rose_b_300.png */,
				4DDBE3841198AFDD00565D41 /* sky.png */,
				4DDBE3CF1198BD6A00565D41 /* sky2.png */,
				4D169BDB1194CADF00F499D7 /* SM3DAR.h */,
				4D169BDC1194CADF00F499D7 /* SM3DAR_keys.txt */,
			);
			path = 3DAR;
			sourceTree = "<group>";
		};
		4D21452C11AB20B200FD6222 /* History */ = {
			isa = PBXGroup;
			children = (
				4D21452F11AB20D100FD6222 /* HistoryController.h */,
				4D21453011AB20D100FD6222 /* HistoryController.m */,
				4D21453111AB20D100FD6222 /* HistoryController.xib */,
			);
			path = History;
			sourceTree = "<group>";
		};
		4D21452D11AB20B200FD6222 /* About */ = {
			isa = PBXGroup;
			children = (
				4D2145C111AB296800FD6222 /* AboutController.h */,
				4D2145C211AB296800FD6222 /* AboutController.m */,
				4D2145C311AB296800FD6222 /* AboutController.xib */,
			);
			path = About;
			sourceTree = "<group>";
		};
		4D21452E11AB20B200FD6222 /* Upgrades */ = {
			isa = PBXGroup;
			children = (
				4D2145D111AB2B3300FD6222 /* UpgradesController.h */,
				4D2145D211AB2B3300FD6222 /* UpgradesController.m */,
				4D2145D311AB2B3300FD6222 /* UpgradesController.xib */,
				4D21460411AB394A00FD6222 /* UpgradeDetailController.h */,
				4D21460511AB394A00FD6222 /* UpgradeDetailController.m */,
				4D21460611AB394A00FD6222 /* UpgradeDetailController.xib */,
				4D21460911AB398000FD6222 /* UpgradeItem.h */,
				4D21460A11AB398000FD6222 /* UpgradeItem.m */,
			);
			path = Upgrades;
			sourceTree = "<group>";
		};
		4D21461411AB6B4200FD6222 /* Info */ = {
			isa = PBXGroup;
			children = (
				4D21461511AB6B5C00FD6222 /* InfoController.h */,
				4D21461611AB6B5C00FD6222 /* InfoController.m */,
				4D21461711AB6B5C00FD6222 /* InfoController.xib */,
			);
			name = Info;
			path = Common/Info;
			sourceTree = "<group>";
		};
		4D21464111ABA2D600FD6222 /* Categories */ = {
			isa = PBXGroup;
			children = (
				4D84B05811D7A19700369E37 /* NSDate+Utilities.h */,
				4D84B05911D7A19700369E37 /* NSDate+Utilities.m */,
				4D21464211ABA2F000FD6222 /* NSUserDefaults+Database.h */,
				4D21464311ABA2F000FD6222 /* NSUserDefaults+Database.m */,
			);
			path = Categories;
			sourceTree = "<group>";
		};
		4D2146E011AC217800FD6222 /* Main */ = {
			isa = PBXGroup;
			children = (
				4D2146E111AC217800FD6222 /* ParkarViewController.h */,
				4D2146E211AC217800FD6222 /* ParkarViewController.m */,
				4D2146E311AC217800FD6222 /* WharCarViewController.xib */,
			);
			path = Main;
			sourceTree = "<group>";
		};
		4D2146E411AC217800FD6222 /* AppDelegate */ = {
			isa = PBXGroup;
			children = (
				4D2146E511AC217800FD6222 /* MainWindow.xib */,
				4D2146E611AC217800FD6222 /* ParkarAppDelegate.h */,
				4D2146E711AC217800FD6222 /* ParkarAppDelegate.m */,
			);
			path = AppDelegate;
			sourceTree = "<group>";
		};
		4DFADE5C1195D51100C23B45 /* Common */ = {
			isa = PBXGroup;
			children = (
				4D2144A411AA419B00FD6222 /* ArrowFixture.h */,
				4D2144A511AA419B00FD6222 /* ArrowFixture.m */,
				4D2142FC11A7AB8F00FD6222 /* ArrowView.h */,
				4D2142FD11A7AB8F00FD6222 /* ArrowView.m */,
				4DDBE38F1198B0A500565D41 /* AsyncArtworkFetcher.h */,
				4DDBE3901198B0A500565D41 /* AsyncArtworkFetcher.m */,
				4DFADE5F1195D53700C23B45 /* Constants.h */,
				4DDBE3861198B00700565D41 /* GroundPlaneView.h */,
				4DDBE3871198B00700565D41 /* GroundPlaneView.m */,
				4DFADE651195D54C00C23B45 /* Model.h */,
				4DFADE661195D54C00C23B45 /* Model.m */,
				4D08ADF011BDA13000643BF5 /* OscillatingFixture.h */,
				4D08ADF111BDA13000643BF5 /* OscillatingFixture.m */,
				4D21464D11ABA45B00FD6222 /* ParkingSpot.h */,
				4D21464E11ABA45B00FD6222 /* ParkingSpot.m */,
				4D08ADF511BDA23400643BF5 /* ParkingSpotPOI.h */,
				4D08ADF611BDA23400643BF5 /* ParkingSpotPOI.m */,
				4DDBE2B51197DE6500565D41 /* PointOfInterest.h */,
				4DDBE2B61197DE6500565D41 /* PointOfInterest.m */,
				4DFADE7611970D4200C23B45 /* PointerView.h */,
				4DFADE7711970D4200C23B45 /* PointerView.m */,
				4DFADE671195D54C00C23B45 /* Protocols.h */,
				4DFADE601195D53700C23B45 /* RoundedLabelMarkerView.m */,
				4DFADE611195D53700C23B45 /* RoundedLabelMarkerView.h */,
				4D11898811C8400400B2C124 /* SphereBackgroundView.h */,
				4D11898911C8400400B2C124 /* SphereBackgroundView.m */,
				4DDBE3881198B00700565D41 /* SphereView.h */,
				4DDBE3891198B00700565D41 /* SphereView.m */,
				4DFADE681195D54C00C23B45 /* SynthesizeSingleton.h */,
				4DDBE38C1198B02200565D41 /* TexturedGeometryView.h */,
				4DDBE38D1198B02200565D41 /* TexturedGeometryView.m */,
				4D84B0CF11D8231000369E37 /* HistoryTableViewCell.h */,
				4D84B0D011D8231000369E37 /* HistoryTableViewCell.m */,
			);
			path = Common;
			sourceTree = "<group>";
		};
/* End PBXGroup section */

/* Begin PBXNativeTarget section */
		1D6058900D05DD3D006BFB54 /* ParkingSpotMetrix */ = {
			isa = PBXNativeTarget;
			buildConfigurationList = 1D6058960D05DD3E006BFB54 /* Build configuration list for PBXNativeTarget "ParkingSpotMetrix" */;
			buildPhases = (
				1D60588D0D05DD3D006BFB54 /* Resources */,
				1D60588E0D05DD3D006BFB54 /* Sources */,
				1D60588F0D05DD3D006BFB54 /* Frameworks */,
			);
			buildRules = (
			);
			dependencies = (
			);
			name = ParkingSpotMetrix;
			productName = WharCar;
			productReference = 1D6058910D05DD3D006BFB54 /* Parking.app */;
			productType = "com.apple.product-type.application";
		};
/* End PBXNativeTarget section */

/* Begin PBXProject section */
		29B97313FDCFA39411CA2CEA /* Project object */ = {
			isa = PBXProject;
			buildConfigurationList = C01FCF4E08A954540054247B /* Build configuration list for PBXProject "ParkingSpotMetrix" */;
			compatibilityVersion = "Xcode 3.1";
			hasScannedForEncodings = 1;
			mainGroup = 29B97314FDCFA39411CA2CEA /* CustomTemplate */;
			projectDirPath = "";
			projectRoot = "";
			targets = (
				1D6058900D05DD3D006BFB54 /* ParkingSpotMetrix */,
			);
		};
/* End PBXProject section */

/* Begin PBXResourcesBuildPhase section */
		1D60588D0D05DD3D006BFB54 /* Resources */ = {
			isa = PBXResourcesBuildPhase;
			buildActionMask = 2147483647;
			files = (
				4D169BDD1194CADF00F499D7 /* 3dar.plist in Resources */,
				4D169C111194CADF00F499D7 /* 3dar_logo.png in Resources */,
				4D169C121194CADF00F499D7 /* 3dar_marker_icon1.png in Resources */,
				4D169C131194CADF00F499D7 /* 3dar_marker_icon2.png in Resources */,
				4D169C141194CADF00F499D7 /* 3dar_marker_icon3.png in Resources */,
				4D169C151194CADF00F499D7 /* 3dar_marker_icon4.png in Resources */,
				4D169C161194CADF00F499D7 /* 3dar_marker_icon5.png in Resources */,
				4D169C171194CADF00F499D7 /* 3dar_marker_icon6.png in Resources */,
				4D169C1A1194CADF00F499D7 /* SM3DAR_keys.txt in Resources */,
				4DFADD771194FE3000C23B45 /* Default.png in Resources */,
				4DFADD791194FE3000C23B45 /* Icon.png in Resources */,
				4DDBE1BB1197BB8F00565D41 /* compass_rose_g_300.png in Resources */,
				4DDBE2EB1198858700565D41 /* arrow_up.png in Resources */,
				4DDBE2ED119886D000565D41 /* arrow_up_92.png in Resources */,
				4DDBE2F01198901200565D41 /* wedge_92.png in Resources */,
				4DDBE2F11198901200565D41 /* wedge_128.png in Resources */,
				4DDBE329119897CA00565D41 /* crosshairs_49x30.png in Resources */,
				4DDBE33C1198A0EE00565D41 /* instructions_c.png in Resources */,
				4DDBE3851198AFDD00565D41 /* sky.png in Resources */,
				4DDBE3D01198BD6A00565D41 /* sky2.png in Resources */,
				4DDBE3DB1198BDE000565D41 /* ground1_1024.jpg in Resources */,
				4D21453311AB20D100FD6222 /* HistoryController.xib in Resources */,
				4D2145C511AB296800FD6222 /* AboutController.xib in Resources */,
				4D2145D511AB2B3300FD6222 /* UpgradesController.xib in Resources */,
				4D21460811AB394A00FD6222 /* UpgradeDetailController.xib in Resources */,
				4D21461911AB6B5C00FD6222 /* InfoController.xib in Resources */,
				4D2146E911AC217800FD6222 /* WharCarViewController.xib in Resources */,
				4D2146EA11AC217800FD6222 /* MainWindow.xib in Resources */,
				4D08ADD611BD9F7800643BF5 /* README.txt in Resources */,
				4D11877011C7F1F300B2C124 /* arrow.mtl in Resources */,
				4D11877111C7F1F300B2C124 /* arrow.obj in Resources */,
				4D11877211C7F1F300B2C124 /* arrow2.mtl in Resources */,
				4D11877311C7F1F300B2C124 /* arrow2.obj in Resources */,
				4D11877411C7F1F300B2C124 /* arrow3.mtl in Resources */,
				4D11877511C7F1F300B2C124 /* arrow3.obj in Resources */,
				4D11877611C7F1F300B2C124 /* arrow4.mtl in Resources */,
				4D11877711C7F1F300B2C124 /* arrow4.obj in Resources */,
				4D11877811C7F1F300B2C124 /* arrow5.obj in Resources */,
				4D11877911C7F1F300B2C124 /* cube.obj in Resources */,
				4D11877A11C7F1F300B2C124 /* sphere.obj in Resources */,
				4D11877D11C7F20000B2C124 /* location.png in Resources */,
				4D11877E11C7F20000B2C124 /* compass.png in Resources */,
				4D11878011C7F23E00B2C124 /* lightbulb.png in Resources */,
				4D11878211C7F26100B2C124 /* target.png in Resources */,
				4D11886411C8257C00B2C124 /* CREDITS in Resources */,
			);
			runOnlyForDeploymentPostprocessing = 0;
		};
/* End PBXResourcesBuildPhase section */

/* Begin PBXSourcesBuildPhase section */
		1D60588E0D05DD3D006BFB54 /* Sources */ = {
			isa = PBXSourcesBuildPhase;
			buildActionMask = 2147483647;
			files = (
				1D60589B0D05DD56006BFB54 /* main.m in Sources */,
				4DFADE621195D53700C23B45 /* RoundedLabelMarkerView.m in Sources */,
				4DFADE6A1195D54C00C23B45 /* Model.m in Sources */,
				4DFADE7811970D4200C23B45 /* PointerView.m in Sources */,
				4DDBE2B71197DE6500565D41 /* PointOfInterest.m in Sources */,
				4DDBE38A1198B00700565D41 /* GroundPlaneView.m in Sources */,
				4DDBE38B1198B00700565D41 /* SphereView.m in Sources */,
				4DDBE38E1198B02200565D41 /* TexturedGeometryView.m in Sources */,
				4DDBE3911198B0A500565D41 /* AsyncArtworkFetcher.m in Sources */,
				4D2142FE11A7AB8F00FD6222 /* ArrowView.m in Sources */,
				4D2144A611AA419B00FD6222 /* ArrowFixture.m in Sources */,
				4D21453211AB20D100FD6222 /* HistoryController.m in Sources */,
				4D2145C411AB296800FD6222 /* AboutController.m in Sources */,
				4D2145D411AB2B3300FD6222 /* UpgradesController.m in Sources */,
				4D21460711AB394A00FD6222 /* UpgradeDetailController.m in Sources */,
				4D21460B11AB398000FD6222 /* UpgradeItem.m in Sources */,
				4D21461811AB6B5C00FD6222 /* InfoController.m in Sources */,
				4D21464411ABA2F000FD6222 /* NSUserDefaults+Database.m in Sources */,
				4D21464F11ABA45B00FD6222 /* ParkingSpot.m in Sources */,
				4D2146E811AC217800FD6222 /* ParkarViewController.m in Sources */,
				4D2146EB11AC217800FD6222 /* ParkarAppDelegate.m in Sources */,
				4D08ADF211BDA13000643BF5 /* OscillatingFixture.m in Sources */,
				4D08ADF711BDA23400643BF5 /* ParkingSpotPOI.m in Sources */,
				4D11886511C8257C00B2C124 /* NSObject+SBJSON.m in Sources */,
				4D11886611C8257C00B2C124 /* NSString+SBJSON.m in Sources */,
				4D11886711C8257C00B2C124 /* SBJSON.m in Sources */,
				4D11886811C8257C00B2C124 /* SBJsonBase.m in Sources */,
				4D11886911C8257C00B2C124 /* SBJsonParser.m in Sources */,
				4D11886A11C8257C00B2C124 /* SBJsonWriter.m in Sources */,
				4D11898A11C8400400B2C124 /* SphereBackgroundView.m in Sources */,
				4D84B05A11D7A19700369E37 /* NSDate+Utilities.m in Sources */,
				4D84B0D111D8231000369E37 /* HistoryTableViewCell.m in Sources */,
			);
			runOnlyForDeploymentPostprocessing = 0;
		};
/* End PBXSourcesBuildPhase section */

/* Begin XCBuildConfiguration section */
		1D6058940D05DD3E006BFB54 /* Debug */ = {
			isa = XCBuildConfiguration;
			buildSettings = {
				ALWAYS_SEARCH_USER_PATHS = NO;
				COPY_PHASE_STRIP = NO;
				GCC_DYNAMIC_NO_PIC = NO;
				GCC_OPTIMIZATION_LEVEL = 0;
				GCC_PRECOMPILE_PREFIX_HEADER = YES;
				GCC_PREFIX_HEADER = ParkingSpotMetrix_Prefix.pch;
				HEADER_SEARCH_PATHS = "/usr/include/libxml2/**";
				INFOPLIST_FILE = "ParkingSpotMetrix-Info.plist";
				LIBRARY_SEARCH_PATHS = (
					"$(inherited)",
					"\"$(SRCROOT)/3DAR\"",
					"\"$(SRCROOT)/../../../../PROJECTS/SM3DAR/SM3DARLibrary/SM3DARLibrary/build/Debug-iphoneos\"",
				);
				OTHER_LDFLAGS = (
					"-lxml2",
					"-lstdc++",
				);
				PRODUCT_NAME = Parking;
			};
			name = Debug;
		};
		1D6058950D05DD3E006BFB54 /* Release */ = {
			isa = XCBuildConfiguration;
			buildSettings = {
				ALWAYS_SEARCH_USER_PATHS = NO;
				COPY_PHASE_STRIP = YES;
				GCC_PRECOMPILE_PREFIX_HEADER = YES;
				GCC_PREFIX_HEADER = ParkingSpotMetrix_Prefix.pch;
				HEADER_SEARCH_PATHS = "/usr/include/libxml2/**";
				INFOPLIST_FILE = "ParkingSpotMetrix-Info.plist";
				LIBRARY_SEARCH_PATHS = (
					"$(inherited)",
					"\"$(SRCROOT)/SM3DAR_Common/Lib/HTTPRiot/httpriot-0.6.6/Vendor/gh-unit-iphone\"",
					"\"$(SRCROOT)/3DAR/3DAR_Common/Lib/HTTPRiot/httpriot-0.6.6/Vendor/gh-unit-iphone\"",
					"\"$(SRCROOT)/../../../../../../projects/Spot Metrix/PROJECTS/SM3DAR/SM3DARLibrary/SM3DARLibrary/build/Debug-iphoneos\"",
					"\"$(SRCROOT)/3DAR\"",
				);
				OTHER_LDFLAGS = (
					"-lxml2",
					"-lstdc++",
				);
				PRODUCT_NAME = Parking;
				VALIDATE_PRODUCT = YES;
			};
			name = Release;
		};
		C01FCF4F08A954540054247B /* Debug */ = {
			isa = XCBuildConfiguration;
			buildSettings = {
				ARCHS = "$(ARCHS_STANDARD_32_BIT)";
				"CODE_SIGN_IDENTITY[sdk=iphoneos*]" = "iPhone Developer: Peter Anderson (PK484EQWS2)";
				GCC_C_LANGUAGE_STANDARD = c99;
				GCC_WARN_ABOUT_RETURN_TYPE = YES;
				GCC_WARN_UNUSED_VARIABLE = YES;
				PREBINDING = NO;
				"PROVISIONING_PROFILE[sdk=iphoneos*]" = "D652822F-DEFE-4B67-9C91-6E6309A57703";
				SDKROOT = iphoneos3.1;
			};
			name = Debug;
		};
		C01FCF5008A954540054247B /* Release */ = {
			isa = XCBuildConfiguration;
			buildSettings = {
				ARCHS = "$(ARCHS_STANDARD_32_BIT)";
				"CODE_SIGN_IDENTITY[sdk=iphoneos*]" = "iPhone Developer";
				GCC_C_LANGUAGE_STANDARD = c99;
				GCC_WARN_ABOUT_RETURN_TYPE = YES;
				GCC_WARN_UNUSED_VARIABLE = YES;
				OTHER_CFLAGS = "-DNS_BLOCK_ASSERTIONS=1";
				PREBINDING = NO;
				SDKROOT = iphoneos3.1;
			};
			name = Release;
		};
/* End XCBuildConfiguration section */

/* Begin XCConfigurationList section */
		1D6058960D05DD3E006BFB54 /* Build configuration list for PBXNativeTarget "ParkingSpotMetrix" */ = {
			isa = XCConfigurationList;
			buildConfigurations = (
				1D6058940D05DD3E006BFB54 /* Debug */,
				1D6058950D05DD3E006BFB54 /* Release */,
			);
			defaultConfigurationIsVisible = 0;
			defaultConfigurationName = Release;
		};
		C01FCF4E08A954540054247B /* Build configuration list for PBXProject "ParkingSpotMetrix" */ = {
			isa = XCConfigurationList;
			buildConfigurations = (
				C01FCF4F08A954540054247B /* Debug */,
				C01FCF5008A954540054247B /* Release */,
			);
			defaultConfigurationIsVisible = 0;
			defaultConfigurationName = Release;
		};
/* End XCConfigurationList section */
	};
	rootObject = 29B97313FDCFA39411CA2CEA /* Project object */;
}
